
Microsoft Visual Studio Solution File, Format Version 12.00
# Visual Studio Version 16
VisualStudioVersion = 16.0.29009.5
MinimumVisualStudioVersion = 10.0.40219.1
Project("{FAE04EC0-301F-11D3-BF4B-00C04F79EFBC}") = "abcBank", "abcBank.csproj", "{0C18F877-88FC-458C-A708-D2AFD887143D}"
EndProject
Global
	GlobalSection(SolutionConfigurationPlatforms) = preSolution
		Debug|Any CPU = Debug|Any CPU
		Release|Any CPU = Release|Any CPU
	EndGlobalSection
	GlobalSection(ProjectConfigurationPlatforms) = postSolution
		{0C18F877-88FC-458C-A708-D2AFD887143D}.Debug|Any CPU.ActiveCfg = Debug|Any CPU
		{0C18F877-88FC-458C-A708-D2AFD887143D}.Debug|Any CPU.Build.0 = Debug|Any CPU
		{0C18F877-88FC-458C-A708-D2AFD887143D}.Release|Any CPU.ActiveCfg = Release|Any CPU
		{0C18F877-88FC-458C-A708-D2AFD887143D}.Release|Any CPU.Build.0 = Release|Any CPU
	EndGlobalSection
	GlobalSection(SolutionProperties) = preSolution
		HideSolutionNode = FALSE
	EndGlobalSection
	GlobalSection(ExtensibilityGlobals) = postSolution
		SolutionGuid = {AB37EC07-E02F-4B7A-85D8-CEF33DE42AA9}
	EndGlobalSection
EndGlobal
